
Microsoft Visual Studio Solution File, Format Version 12.00
# Visual Studio Version 17
VisualStudioVersion = 17.8.34316.72
MinimumVisualStudioVersion = 10.0.40219.1
Project("{9A19103F-16F7-4668-BE54-9A1E7A4F7556}") = "TornApi.Net.Models", "TornApi.Net.Models\TornApi.Net.Models.csproj", "{4E52A9C7-E756-4EC7-B973-33139F17052A}"
EndProject
Project("{9A19103F-16F7-4668-BE54-9A1E7A4F7556}") = "TornApi.Net.REST", "TornApi.Net.REST\TornApi.Net.REST.csproj", "{0298660E-1CAA-499E-A88A-1F56E8DA8008}"
EndProject
Project("{FAE04EC0-301F-11D3-BF4B-00C04F79EFBC}") = "TornApi.Net.Tests", "TornApi.Net.Tests\TornApi.Net.Tests.csproj", "{218FCFD2-D1F3-46D3-807C-98D40A0D598F}"
EndProject
Global
	GlobalSection(SolutionConfigurationPlatforms) = preSolution
		Debug|Any CPU = Debug|Any CPU
		Release|Any CPU = Release|Any CPU
	EndGlobalSection
	GlobalSection(ProjectConfigurationPlatforms) = postSolution
		{4E52A9C7-E756-4EC7-B973-33139F17052A}.Debug|Any CPU.ActiveCfg = Debug|Any CPU
		{4E52A9C7-E756-4EC7-B973-33139F17052A}.Debug|Any CPU.Build.0 = Debug|Any CPU
		{4E52A9C7-E756-4EC7-B973-33139F17052A}.Release|Any CPU.ActiveCfg = Release|Any CPU
		{4E52A9C7-E756-4EC7-B973-33139F17052A}.Release|Any CPU.Build.0 = Release|Any CPU
		{0298660E-1CAA-499E-A88A-1F56E8DA8008}.Debug|Any CPU.ActiveCfg = Debug|Any CPU
		{0298660E-1CAA-499E-A88A-1F56E8DA8008}.Debug|Any CPU.Build.0 = Debug|Any CPU
		{0298660E-1CAA-499E-A88A-1F56E8DA8008}.Release|Any CPU.ActiveCfg = Release|Any CPU
		{0298660E-1CAA-499E-A88A-1F56E8DA8008}.Release|Any CPU.Build.0 = Release|Any CPU
		{218FCFD2-D1F3-46D3-807C-98D40A0D598F}.Debug|Any CPU.ActiveCfg = Debug|Any CPU
		{218FCFD2-D1F3-46D3-807C-98D40A0D598F}.Debug|Any CPU.Build.0 = Debug|Any CPU
		{218FCFD2-D1F3-46D3-807C-98D40A0D598F}.Release|Any CPU.ActiveCfg = Release|Any CPU
		{218FCFD2-D1F3-46D3-807C-98D40A0D598F}.Release|Any CPU.Build.0 = Release|Any CPU
	EndGlobalSection
	GlobalSection(SolutionProperties) = preSolution
		HideSolutionNode = FALSE
	EndGlobalSection
	GlobalSection(ExtensibilityGlobals) = postSolution
		SolutionGuid = {77FDE809-A22C-4BBA-A542-A71E6B5512E4}
	EndGlobalSection
EndGlobal
